
Microsoft Visual Studio Solution File, Format Version 12.00
# Visual Studio Version 17
VisualStudioVersion = 17.4.33213.308
MinimumVisualStudioVersion = 10.0.40219.1
Project("{FAE04EC0-301F-11D3-BF4B-00C04F79EFBC}") = "ExerciciosSemana02", "ExerciciosSemana02.csproj", "{CE58197D-60E5-4C86-B712-CCE94DDD5951}"
EndProject
Global
	GlobalSection(SolutionConfigurationPlatforms) = preSolution
		Debug|Any CPU = Debug|Any CPU
		Release|Any CPU = Release|Any CPU
	EndGlobalSection
	GlobalSection(ProjectConfigurationPlatforms) = postSolution
		{CE58197D-60E5-4C86-B712-CCE94DDD5951}.Debug|Any CPU.ActiveCfg = Debug|Any CPU
		{CE58197D-60E5-4C86-B712-CCE94DDD5951}.Debug|Any CPU.Build.0 = Debug|Any CPU
		{CE58197D-60E5-4C86-B712-CCE94DDD5951}.Release|Any CPU.ActiveCfg = Release|Any CPU
		{CE58197D-60E5-4C86-B712-CCE94DDD5951}.Release|Any CPU.Build.0 = Release|Any CPU
	EndGlobalSection
	GlobalSection(SolutionProperties) = preSolution
		HideSolutionNode = FALSE
	EndGlobalSection
	GlobalSection(ExtensibilityGlobals) = postSolution
		SolutionGuid = {C1E0B61C-A8B5-4F5C-9671-DBC35EC1FA6F}
	EndGlobalSection
EndGlobal
