
Microsoft Visual Studio Solution File, Format Version 12.00
# Visual Studio Version 17
VisualStudioVersion = 17.4.33213.308
MinimumVisualStudioVersion = 10.0.40219.1
Project("{FAE04EC0-301F-11D3-BF4B-00C04F79EFBC}") = "ExerciciosSemana3", "ExerciciosSemana3\ExerciciosSemana3.csproj", "{6541CCA6-55EF-4B84-A746-E38FF8336481}"
EndProject
Global
	GlobalSection(SolutionConfigurationPlatforms) = preSolution
		Debug|Any CPU = Debug|Any CPU
		Release|Any CPU = Release|Any CPU
	EndGlobalSection
	GlobalSection(ProjectConfigurationPlatforms) = postSolution
		{6541CCA6-55EF-4B84-A746-E38FF8336481}.Debug|Any CPU.ActiveCfg = Debug|Any CPU
		{6541CCA6-55EF-4B84-A746-E38FF8336481}.Debug|Any CPU.Build.0 = Debug|Any CPU
		{6541CCA6-55EF-4B84-A746-E38FF8336481}.Release|Any CPU.ActiveCfg = Release|Any CPU
		{6541CCA6-55EF-4B84-A746-E38FF8336481}.Release|Any CPU.Build.0 = Release|Any CPU
	EndGlobalSection
	GlobalSection(SolutionProperties) = preSolution
		HideSolutionNode = FALSE
	EndGlobalSection
	GlobalSection(ExtensibilityGlobals) = postSolution
		SolutionGuid = {7F5399AB-1F94-45E1-981A-DEDF24D5AB7D}
	EndGlobalSection
EndGlobal
